
Microsoft Visual Studio Solution File, Format Version 12.00
# Visual Studio Version 17
VisualStudioVersion = 17.9.34728.123
MinimumVisualStudioVersion = 10.0.40219.1
Project("{FAE04EC0-301F-11D3-BF4B-00C04F79EFBC}") = "StorePOSforOrders", "WebAPI using HttpClient\StorePOSforOrders.csproj", "{3E56C324-0EB1-4679-A803-87F58B48877B}"
EndProject
Global
	GlobalSection(SolutionConfigurationPlatforms) = preSolution
		Debug|Any CPU = Debug|Any CPU
		Release|Any CPU = Release|Any CPU
	EndGlobalSection
	GlobalSection(ProjectConfigurationPlatforms) = postSolution
		{3E56C324-0EB1-4679-A803-87F58B48877B}.Debug|Any CPU.ActiveCfg = Debug|Any CPU
		{3E56C324-0EB1-4679-A803-87F58B48877B}.Debug|Any CPU.Build.0 = Debug|Any CPU
		{3E56C324-0EB1-4679-A803-87F58B48877B}.Release|Any CPU.ActiveCfg = Release|Any CPU
		{3E56C324-0EB1-4679-A803-87F58B48877B}.Release|Any CPU.Build.0 = Release|Any CPU
	EndGlobalSection
	GlobalSection(SolutionProperties) = preSolution
		HideSolutionNode = FALSE
	EndGlobalSection
	GlobalSection(ExtensibilityGlobals) = postSolution
		SolutionGuid = {406F766D-10E9-446C-8F61-6EADD3FC760D}
	EndGlobalSection
EndGlobal
